
Microsoft Visual Studio Solution File, Format Version 12.00
# Visual Studio 15
VisualStudioVersion = 15.0.26124.0
MinimumVisualStudioVersion = 15.0.26124.0
Project("{2150E333-8FDC-42A3-9474-1A3956D46DE8}") = "src", "src", "{B9CA87EE-75DA-4E06-B7DE-023C3A06C2D7}"
EndProject
Project("{FAE04EC0-301F-11D3-BF4B-00C04F79EFBC}") = "ProgramService", "src\ProgramService\ProgramService.csproj", "{FF486B4E-B03F-458B-A213-4AF4FDBA48BA}"
EndProject
Global
	GlobalSection(SolutionConfigurationPlatforms) = preSolution
		Debug|Any CPU = Debug|Any CPU
		Debug|x64 = Debug|x64
		Debug|x86 = Debug|x86
		Release|Any CPU = Release|Any CPU
		Release|x64 = Release|x64
		Release|x86 = Release|x86
	EndGlobalSection
	GlobalSection(SolutionProperties) = preSolution
		HideSolutionNode = FALSE
	EndGlobalSection
	GlobalSection(ProjectConfigurationPlatforms) = postSolution
		{FF486B4E-B03F-458B-A213-4AF4FDBA48BA}.Debug|Any CPU.ActiveCfg = Debug|Any CPU
		{FF486B4E-B03F-458B-A213-4AF4FDBA48BA}.Debug|Any CPU.Build.0 = Debug|Any CPU
		{FF486B4E-B03F-458B-A213-4AF4FDBA48BA}.Debug|x64.ActiveCfg = Debug|Any CPU
		{FF486B4E-B03F-458B-A213-4AF4FDBA48BA}.Debug|x64.Build.0 = Debug|Any CPU
		{FF486B4E-B03F-458B-A213-4AF4FDBA48BA}.Debug|x86.ActiveCfg = Debug|Any CPU
		{FF486B4E-B03F-458B-A213-4AF4FDBA48BA}.Debug|x86.Build.0 = Debug|Any CPU
		{FF486B4E-B03F-458B-A213-4AF4FDBA48BA}.Release|Any CPU.ActiveCfg = Release|Any CPU
		{FF486B4E-B03F-458B-A213-4AF4FDBA48BA}.Release|Any CPU.Build.0 = Release|Any CPU
		{FF486B4E-B03F-458B-A213-4AF4FDBA48BA}.Release|x64.ActiveCfg = Release|Any CPU
		{FF486B4E-B03F-458B-A213-4AF4FDBA48BA}.Release|x64.Build.0 = Release|Any CPU
		{FF486B4E-B03F-458B-A213-4AF4FDBA48BA}.Release|x86.ActiveCfg = Release|Any CPU
		{FF486B4E-B03F-458B-A213-4AF4FDBA48BA}.Release|x86.Build.0 = Release|Any CPU
	EndGlobalSection
	GlobalSection(NestedProjects) = preSolution
		{FF486B4E-B03F-458B-A213-4AF4FDBA48BA} = {B9CA87EE-75DA-4E06-B7DE-023C3A06C2D7}
	EndGlobalSection
EndGlobal
